
Microsoft Visual Studio Solution File, Format Version 12.00
# Visual Studio Version 17
VisualStudioVersion = 17.4.33213.308
MinimumVisualStudioVersion = 10.0.40219.1
Project("{FAE04EC0-301F-11D3-BF4B-00C04F79EFBC}") = "ExcelUploader", "ExcelUploader\ExcelUploader.csproj", "{94367456-B64D-4E35-BBB6-825A5411B11E}"
EndProject
Global
	GlobalSection(SolutionConfigurationPlatforms) = preSolution
		Debug|Any CPU = Debug|Any CPU
		Release|Any CPU = Release|Any CPU
	EndGlobalSection
	GlobalSection(ProjectConfigurationPlatforms) = postSolution
		{94367456-B64D-4E35-BBB6-825A5411B11E}.Debug|Any CPU.ActiveCfg = Debug|Any CPU
		{94367456-B64D-4E35-BBB6-825A5411B11E}.Debug|Any CPU.Build.0 = Debug|Any CPU
		{94367456-B64D-4E35-BBB6-825A5411B11E}.Release|Any CPU.ActiveCfg = Release|Any CPU
		{94367456-B64D-4E35-BBB6-825A5411B11E}.Release|Any CPU.Build.0 = Release|Any CPU
	EndGlobalSection
	GlobalSection(SolutionProperties) = preSolution
		HideSolutionNode = FALSE
	EndGlobalSection
	GlobalSection(ExtensibilityGlobals) = postSolution
		SolutionGuid = {32E2AF10-3AD6-4065-B959-C8F735DD96D9}
	EndGlobalSection
EndGlobal
